
Microsoft Visual Studio Solution File, Format Version 12.00
# Visual Studio Version 16
VisualStudioVersion = 16.0.29503.13
MinimumVisualStudioVersion = 10.0.40219.1
Project("{FAE04EC0-301F-11D3-BF4B-00C04F79EFBC}") = "azxwebapptest", "azxwebapptest\azxwebapptest.csproj", "{8F4DDE64-A194-47F0-9285-71479DF83695}"
EndProject
Global
	GlobalSection(SolutionConfigurationPlatforms) = preSolution
		Debug|Any CPU = Debug|Any CPU
		Release|Any CPU = Release|Any CPU
	EndGlobalSection
	GlobalSection(ProjectConfigurationPlatforms) = postSolution
		{8F4DDE64-A194-47F0-9285-71479DF83695}.Debug|Any CPU.ActiveCfg = Debug|Any CPU
		{8F4DDE64-A194-47F0-9285-71479DF83695}.Debug|Any CPU.Build.0 = Debug|Any CPU
		{8F4DDE64-A194-47F0-9285-71479DF83695}.Release|Any CPU.ActiveCfg = Release|Any CPU
		{8F4DDE64-A194-47F0-9285-71479DF83695}.Release|Any CPU.Build.0 = Release|Any CPU
	EndGlobalSection
	GlobalSection(SolutionProperties) = preSolution
		HideSolutionNode = FALSE
	EndGlobalSection
	GlobalSection(ExtensibilityGlobals) = postSolution
		SolutionGuid = {F9833227-B129-461F-A9FE-10B1CB25AEA1}
	EndGlobalSection
EndGlobal
