
Microsoft Visual Studio Solution File, Format Version 12.00
# Visual Studio Version 16
VisualStudioVersion = 16.0.29503.13
MinimumVisualStudioVersion = 10.0.40219.1
Project("{FAE04EC0-301F-11D3-BF4B-00C04F79EFBC}") = "azxwebapptest", "azxwebapptest\azxwebapptest.csproj", "{1D6C60E5-1FB4-4D31-A7DA-296A0EF0CDED}"
EndProject
Global
	GlobalSection(SolutionConfigurationPlatforms) = preSolution
		Debug|Any CPU = Debug|Any CPU
		Release|Any CPU = Release|Any CPU
	EndGlobalSection
	GlobalSection(ProjectConfigurationPlatforms) = postSolution
		{1D6C60E5-1FB4-4D31-A7DA-296A0EF0CDED}.Debug|Any CPU.ActiveCfg = Debug|Any CPU
		{1D6C60E5-1FB4-4D31-A7DA-296A0EF0CDED}.Debug|Any CPU.Build.0 = Debug|Any CPU
		{1D6C60E5-1FB4-4D31-A7DA-296A0EF0CDED}.Release|Any CPU.ActiveCfg = Release|Any CPU
		{1D6C60E5-1FB4-4D31-A7DA-296A0EF0CDED}.Release|Any CPU.Build.0 = Release|Any CPU
	EndGlobalSection
	GlobalSection(SolutionProperties) = preSolution
		HideSolutionNode = FALSE
	EndGlobalSection
	GlobalSection(ExtensibilityGlobals) = postSolution
		SolutionGuid = {8D395AA9-D598-4F07-90FA-21023EFE2D53}
	EndGlobalSection
EndGlobal
